
Microsoft Visual Studio Solution File, Format Version 12.00
# Visual Studio Version 16
VisualStudioVersion = 16.0.29806.167
MinimumVisualStudioVersion = 10.0.40219.1
Project("{FAE04EC0-301F-11D3-BF4B-00C04F79EFBC}") = "9_4DynamicHTML", "9_4DynamicHTML\9_4DynamicHTML.csproj", "{58E1C5A7-40F3-48BD-A46C-7755A7CFEDFC}"
EndProject
Global
	GlobalSection(SolutionConfigurationPlatforms) = preSolution
		Debug|Any CPU = Debug|Any CPU
		Release|Any CPU = Release|Any CPU
	EndGlobalSection
	GlobalSection(ProjectConfigurationPlatforms) = postSolution
		{58E1C5A7-40F3-48BD-A46C-7755A7CFEDFC}.Debug|Any CPU.ActiveCfg = Debug|Any CPU
		{58E1C5A7-40F3-48BD-A46C-7755A7CFEDFC}.Debug|Any CPU.Build.0 = Debug|Any CPU
		{58E1C5A7-40F3-48BD-A46C-7755A7CFEDFC}.Release|Any CPU.ActiveCfg = Release|Any CPU
		{58E1C5A7-40F3-48BD-A46C-7755A7CFEDFC}.Release|Any CPU.Build.0 = Release|Any CPU
	EndGlobalSection
	GlobalSection(SolutionProperties) = preSolution
		HideSolutionNode = FALSE
	EndGlobalSection
	GlobalSection(ExtensibilityGlobals) = postSolution
		SolutionGuid = {BC08E189-442F-4205-A543-ADC1DE5C1B17}
	EndGlobalSection
EndGlobal
